
Microsoft Visual Studio Solution File, Format Version 12.00
# Visual Studio Version 17
VisualStudioVersion = 17.3.32922.545
MinimumVisualStudioVersion = 10.0.40219.1
Project("{FAE04EC0-301F-11D3-BF4B-00C04F79EFBC}") = "GenericPracticeProblems", "GenericPracticeProblems.csproj", "{789056A2-BA83-4CA0-9DE7-C77C79FECCF5}"
EndProject
Global
	GlobalSection(SolutionConfigurationPlatforms) = preSolution
		Debug|Any CPU = Debug|Any CPU
		Release|Any CPU = Release|Any CPU
	EndGlobalSection
	GlobalSection(ProjectConfigurationPlatforms) = postSolution
		{789056A2-BA83-4CA0-9DE7-C77C79FECCF5}.Debug|Any CPU.ActiveCfg = Debug|Any CPU
		{789056A2-BA83-4CA0-9DE7-C77C79FECCF5}.Debug|Any CPU.Build.0 = Debug|Any CPU
		{789056A2-BA83-4CA0-9DE7-C77C79FECCF5}.Release|Any CPU.ActiveCfg = Release|Any CPU
		{789056A2-BA83-4CA0-9DE7-C77C79FECCF5}.Release|Any CPU.Build.0 = Release|Any CPU
	EndGlobalSection
	GlobalSection(SolutionProperties) = preSolution
		HideSolutionNode = FALSE
	EndGlobalSection
	GlobalSection(ExtensibilityGlobals) = postSolution
		SolutionGuid = {D8EF482B-7977-47D1-B770-B7ADE2F1684A}
	EndGlobalSection
EndGlobal
